
Microsoft Visual Studio Solution File, Format Version 12.00
# Visual Studio Version 17
VisualStudioVersion = 17.14.36414.22
MinimumVisualStudioVersion = 10.0.40219.1
Project("{2150E333-8FDC-42A3-9474-1A3956D46DE8}") = "Task0", "Task0", "{02EA681E-C7D8-13C7-8484-4AC65E1B71E8}"
EndProject
Project("{FAE04EC0-301F-11D3-BF4B-00C04F79EFBC}") = "Tyuiu.MedvedevDP.Sprint2.Task0.V7", "Tyuiu.MedvedevDP.Sprint2.Task0.V7\Tyuiu.MedvedevDP.Sprint2.Task0.V7.csproj", "{C8E40DC7-D253-4D85-A97D-017E1E051997}"
EndProject
Project("{FAE04EC0-301F-11D3-BF4B-00C04F79EFBC}") = "Tyuiu.MedvedevDP.Sprint2.Task0.V7.Lib", "Tyuiu.MedvedevDP.Sprint2.Task0.V7.Lib\Tyuiu.MedvedevDP.Sprint2.Task0.V7.Lib.csproj", "{AFF66EFD-8AD6-476F-B67A-982F94555937}"
EndProject
Project("{FAE04EC0-301F-11D3-BF4B-00C04F79EFBC}") = "Tyuiu.MedvedevDP.Sprint2.Task0.V7.Test", "Tyuiu.MedvedevDP.Sprint2.Task0.V7.Test\Tyuiu.MedvedevDP.Sprint2.Task0.V7.Test.csproj", "{BF38DA15-6036-437D-AF02-D4A7BACF6098}"
EndProject
Project("{2150E333-8FDC-42A3-9474-1A3956D46DE8}") = "Task1", "Task1", "{897AB7DF-0C66-4B21-A463-8DF281188548}"
EndProject
Project("{FAE04EC0-301F-11D3-BF4B-00C04F79EFBC}") = "Tyuiu.MedvedevDP.Sprint2.Task1.V30", "Tyuiu.MedvedevDP.Sprint2.Task1.V30\Tyuiu.MedvedevDP.Sprint2.Task1.V30.csproj", "{644F67D2-CCA0-4313-B01F-A883F2EC4C5F}"
EndProject
Project("{FAE04EC0-301F-11D3-BF4B-00C04F79EFBC}") = "Tyuiu.MedvedevDP.Sprint2.Task1.V30.Test", "Tyuiu.MedvedevDP.Sprint2.Task1.V30.Test\Tyuiu.MedvedevDP.Sprint2.Task1.V30.Test.csproj", "{1D3A5C58-C84A-442E-8D91-AF9773BE32CE}"
EndProject
Project("{FAE04EC0-301F-11D3-BF4B-00C04F79EFBC}") = "Tyuiu.MedvedevDP.Sprint2.Task1.V30.Lib", "Tyuiu.MedvedevDP.Sprint2.Task1.V30.Lib\Tyuiu.MedvedevDP.Sprint2.Task1.V30.Lib.csproj", "{451FCC51-0BFE-437D-A2EA-C56076911E05}"
EndProject
Project("{2150E333-8FDC-42A3-9474-1A3956D46DE8}") = "Task2", "Task2", "{4AC0DE7F-AD09-40CF-A9E8-F51270497FC3}"
EndProject
Project("{FAE04EC0-301F-11D3-BF4B-00C04F79EFBC}") = "Tyuiu.MedvedevDP.Sprint2.Task2.V8", "Tyuiu.MedvedevDP.Sprint2.Task2.V8\Tyuiu.MedvedevDP.Sprint2.Task2.V8.csproj", "{B80C5E24-1F05-41B4-8D00-CE4559BAEFF5}"
EndProject
Project("{FAE04EC0-301F-11D3-BF4B-00C04F79EFBC}") = "Tyuiu.MedvedevDP.Sprint2.Task2.V8.Lib", "Tyuiu.MedvedevDP.Sprint2.Task2.V8.Lib\Tyuiu.MedvedevDP.Sprint2.Task2.V8.Lib.csproj", "{A9188E42-748F-4AEF-9B54-3D6AB929F9A2}"
EndProject
Project("{FAE04EC0-301F-11D3-BF4B-00C04F79EFBC}") = "Tyuiu.MedvedevDP.Sprint2.Task2.V8.Test", "Tyuiu.MedvedevDP.Sprint2.Task2.V8.Test\Tyuiu.MedvedevDP.Sprint2.Task2.V8.Test.csproj", "{DAC24F38-C5CD-4461-9587-50EA0AE087CB}"
EndProject
Project("{2150E333-8FDC-42A3-9474-1A3956D46DE8}") = "Task3", "Task3", "{09D73855-DA15-4D7F-B9A1-A46F8E845334}"
EndProject
Project("{FAE04EC0-301F-11D3-BF4B-00C04F79EFBC}") = "Tyuiu.MedvedevDP.Sprint2.Task3.V26", "Tyuiu.MedvedevDP.Sprint2.Task3.V26\Tyuiu.MedvedevDP.Sprint2.Task3.V26.csproj", "{7FD08D64-D1CF-4233-9C03-B7A6BC0C9866}"
EndProject
Project("{FAE04EC0-301F-11D3-BF4B-00C04F79EFBC}") = "Tyuiu.MedvedevDP.Sprint2.Task3.V26.Lib", "Tyuiu.MedvedevDP.Sprint2.Task3.V26.Lib\Tyuiu.MedvedevDP.Sprint2.Task3.V26.Lib.csproj", "{81B7390C-C252-4168-8B34-1A8F93321A8B}"
EndProject
Project("{FAE04EC0-301F-11D3-BF4B-00C04F79EFBC}") = "Tyuiu.MedvedevDP.Sprint2.Task3.V26.Test", "Tyuiu.MedvedevDP.Sprint2.Task3.V26.Test\Tyuiu.MedvedevDP.Sprint2.Task3.V26.Test.csproj", "{8AF60F19-4CA2-423A-B26D-214C9FCB9CAB}"
EndProject
Project("{2150E333-8FDC-42A3-9474-1A3956D46DE8}") = "Task4", "Task4", "{0BFBAEF0-86DD-464C-A67D-9CF17C4B807F}"
EndProject
Project("{FAE04EC0-301F-11D3-BF4B-00C04F79EFBC}") = "Tyuiu.MedvedevDP.Sprint2.Task4.V21", "Tyuiu.MedvedevDP.Sprint2.Task4.V21\Tyuiu.MedvedevDP.Sprint2.Task4.V21.csproj", "{86455585-4C09-4ABB-A568-CC8553B3D5FE}"
EndProject
Project("{FAE04EC0-301F-11D3-BF4B-00C04F79EFBC}") = "Tyuiu.MedvedevDP.Sprint2.Task4.V21.Lib", "Tyuiu.MedvedevDP.Sprint2.Task4.V21.Lib\Tyuiu.MedvedevDP.Sprint2.Task4.V21.Lib.csproj", "{45374DD8-2997-40AE-8E8A-AA9272A24EAE}"
EndProject
Project("{FAE04EC0-301F-11D3-BF4B-00C04F79EFBC}") = "Tyuiu.MedvedevDP.Sprint2.Task4.V21.Test", "Tyuiu.MedvedevDP.Sprint2.Task4.V21.Test\Tyuiu.MedvedevDP.Sprint2.Task4.V21.Test.csproj", "{109BC068-E731-4245-ABF6-EE8A54A545A2}"
EndProject
Global
	GlobalSection(SolutionConfigurationPlatforms) = preSolution
		Debug|Any CPU = Debug|Any CPU
		Release|Any CPU = Release|Any CPU
	EndGlobalSection
	GlobalSection(ProjectConfigurationPlatforms) = postSolution
		{C8E40DC7-D253-4D85-A97D-017E1E051997}.Debug|Any CPU.ActiveCfg = Debug|Any CPU
		{C8E40DC7-D253-4D85-A97D-017E1E051997}.Debug|Any CPU.Build.0 = Debug|Any CPU
		{C8E40DC7-D253-4D85-A97D-017E1E051997}.Release|Any CPU.ActiveCfg = Release|Any CPU
		{C8E40DC7-D253-4D85-A97D-017E1E051997}.Release|Any CPU.Build.0 = Release|Any CPU
		{AFF66EFD-8AD6-476F-B67A-982F94555937}.Debug|Any CPU.ActiveCfg = Debug|Any CPU
		{AFF66EFD-8AD6-476F-B67A-982F94555937}.Debug|Any CPU.Build.0 = Debug|Any CPU
		{AFF66EFD-8AD6-476F-B67A-982F94555937}.Release|Any CPU.ActiveCfg = Release|Any CPU
		{AFF66EFD-8AD6-476F-B67A-982F94555937}.Release|Any CPU.Build.0 = Release|Any CPU
		{BF38DA15-6036-437D-AF02-D4A7BACF6098}.Debug|Any CPU.ActiveCfg = Debug|Any CPU
		{BF38DA15-6036-437D-AF02-D4A7BACF6098}.Debug|Any CPU.Build.0 = Debug|Any CPU
		{BF38DA15-6036-437D-AF02-D4A7BACF6098}.Release|Any CPU.ActiveCfg = Release|Any CPU
		{BF38DA15-6036-437D-AF02-D4A7BACF6098}.Release|Any CPU.Build.0 = Release|Any CPU
		{644F67D2-CCA0-4313-B01F-A883F2EC4C5F}.Debug|Any CPU.ActiveCfg = Debug|Any CPU
		{644F67D2-CCA0-4313-B01F-A883F2EC4C5F}.Debug|Any CPU.Build.0 = Debug|Any CPU
		{644F67D2-CCA0-4313-B01F-A883F2EC4C5F}.Release|Any CPU.ActiveCfg = Release|Any CPU
		{644F67D2-CCA0-4313-B01F-A883F2EC4C5F}.Release|Any CPU.Build.0 = Release|Any CPU
		{1D3A5C58-C84A-442E-8D91-AF9773BE32CE}.Debug|Any CPU.ActiveCfg = Debug|Any CPU
		{1D3A5C58-C84A-442E-8D91-AF9773BE32CE}.Debug|Any CPU.Build.0 = Debug|Any CPU
		{1D3A5C58-C84A-442E-8D91-AF9773BE32CE}.Release|Any CPU.ActiveCfg = Release|Any CPU
		{1D3A5C58-C84A-442E-8D91-AF9773BE32CE}.Release|Any CPU.Build.0 = Release|Any CPU
		{451FCC51-0BFE-437D-A2EA-C56076911E05}.Debug|Any CPU.ActiveCfg = Debug|Any CPU
		{451FCC51-0BFE-437D-A2EA-C56076911E05}.Debug|Any CPU.Build.0 = Debug|Any CPU
		{451FCC51-0BFE-437D-A2EA-C56076911E05}.Release|Any CPU.ActiveCfg = Release|Any CPU
		{451FCC51-0BFE-437D-A2EA-C56076911E05}.Release|Any CPU.Build.0 = Release|Any CPU
		{B80C5E24-1F05-41B4-8D00-CE4559BAEFF5}.Debug|Any CPU.ActiveCfg = Debug|Any CPU
		{B80C5E24-1F05-41B4-8D00-CE4559BAEFF5}.Debug|Any CPU.Build.0 = Debug|Any CPU
		{B80C5E24-1F05-41B4-8D00-CE4559BAEFF5}.Release|Any CPU.ActiveCfg = Release|Any CPU
		{B80C5E24-1F05-41B4-8D00-CE4559BAEFF5}.Release|Any CPU.Build.0 = Release|Any CPU
		{A9188E42-748F-4AEF-9B54-3D6AB929F9A2}.Debug|Any CPU.ActiveCfg = Debug|Any CPU
		{A9188E42-748F-4AEF-9B54-3D6AB929F9A2}.Debug|Any CPU.Build.0 = Debug|Any CPU
		{A9188E42-748F-4AEF-9B54-3D6AB929F9A2}.Release|Any CPU.ActiveCfg = Release|Any CPU
		{A9188E42-748F-4AEF-9B54-3D6AB929F9A2}.Release|Any CPU.Build.0 = Release|Any CPU
		{DAC24F38-C5CD-4461-9587-50EA0AE087CB}.Debug|Any CPU.ActiveCfg = Debug|Any CPU
		{DAC24F38-C5CD-4461-9587-50EA0AE087CB}.Debug|Any CPU.Build.0 = Debug|Any CPU
		{DAC24F38-C5CD-4461-9587-50EA0AE087CB}.Release|Any CPU.ActiveCfg = Release|Any CPU
		{DAC24F38-C5CD-4461-9587-50EA0AE087CB}.Release|Any CPU.Build.0 = Release|Any CPU
		{7FD08D64-D1CF-4233-9C03-B7A6BC0C9866}.Debug|Any CPU.ActiveCfg = Debug|Any CPU
		{7FD08D64-D1CF-4233-9C03-B7A6BC0C9866}.Debug|Any CPU.Build.0 = Debug|Any CPU
		{7FD08D64-D1CF-4233-9C03-B7A6BC0C9866}.Release|Any CPU.ActiveCfg = Release|Any CPU
		{7FD08D64-D1CF-4233-9C03-B7A6BC0C9866}.Release|Any CPU.Build.0 = Release|Any CPU
		{81B7390C-C252-4168-8B34-1A8F93321A8B}.Debug|Any CPU.ActiveCfg = Debug|Any CPU
		{81B7390C-C252-4168-8B34-1A8F93321A8B}.Debug|Any CPU.Build.0 = Debug|Any CPU
		{81B7390C-C252-4168-8B34-1A8F93321A8B}.Release|Any CPU.ActiveCfg = Release|Any CPU
		{81B7390C-C252-4168-8B34-1A8F93321A8B}.Release|Any CPU.Build.0 = Release|Any CPU
		{8AF60F19-4CA2-423A-B26D-214C9FCB9CAB}.Debug|Any CPU.ActiveCfg = Debug|Any CPU
		{8AF60F19-4CA2-423A-B26D-214C9FCB9CAB}.Debug|Any CPU.Build.0 = Debug|Any CPU
		{8AF60F19-4CA2-423A-B26D-214C9FCB9CAB}.Release|Any CPU.ActiveCfg = Release|Any CPU
		{8AF60F19-4CA2-423A-B26D-214C9FCB9CAB}.Release|Any CPU.Build.0 = Release|Any CPU
		{86455585-4C09-4ABB-A568-CC8553B3D5FE}.Debug|Any CPU.ActiveCfg = Debug|Any CPU
		{86455585-4C09-4ABB-A568-CC8553B3D5FE}.Debug|Any CPU.Build.0 = Debug|Any CPU
		{86455585-4C09-4ABB-A568-CC8553B3D5FE}.Release|Any CPU.ActiveCfg = Release|Any CPU
		{86455585-4C09-4ABB-A568-CC8553B3D5FE}.Release|Any CPU.Build.0 = Release|Any CPU
		{45374DD8-2997-40AE-8E8A-AA9272A24EAE}.Debug|Any CPU.ActiveCfg = Debug|Any CPU
		{45374DD8-2997-40AE-8E8A-AA9272A24EAE}.Debug|Any CPU.Build.0 = Debug|Any CPU
		{45374DD8-2997-40AE-8E8A-AA9272A24EAE}.Release|Any CPU.ActiveCfg = Release|Any CPU
		{45374DD8-2997-40AE-8E8A-AA9272A24EAE}.Release|Any CPU.Build.0 = Release|Any CPU
		{109BC068-E731-4245-ABF6-EE8A54A545A2}.Debug|Any CPU.ActiveCfg = Debug|Any CPU
		{109BC068-E731-4245-ABF6-EE8A54A545A2}.Debug|Any CPU.Build.0 = Debug|Any CPU
		{109BC068-E731-4245-ABF6-EE8A54A545A2}.Release|Any CPU.ActiveCfg = Release|Any CPU
		{109BC068-E731-4245-ABF6-EE8A54A545A2}.Release|Any CPU.Build.0 = Release|Any CPU
	EndGlobalSection
	GlobalSection(SolutionProperties) = preSolution
		HideSolutionNode = FALSE
	EndGlobalSection
	GlobalSection(NestedProjects) = preSolution
		{C8E40DC7-D253-4D85-A97D-017E1E051997} = {02EA681E-C7D8-13C7-8484-4AC65E1B71E8}
		{AFF66EFD-8AD6-476F-B67A-982F94555937} = {02EA681E-C7D8-13C7-8484-4AC65E1B71E8}
		{BF38DA15-6036-437D-AF02-D4A7BACF6098} = {02EA681E-C7D8-13C7-8484-4AC65E1B71E8}
		{644F67D2-CCA0-4313-B01F-A883F2EC4C5F} = {897AB7DF-0C66-4B21-A463-8DF281188548}
		{1D3A5C58-C84A-442E-8D91-AF9773BE32CE} = {897AB7DF-0C66-4B21-A463-8DF281188548}
		{451FCC51-0BFE-437D-A2EA-C56076911E05} = {897AB7DF-0C66-4B21-A463-8DF281188548}
		{B80C5E24-1F05-41B4-8D00-CE4559BAEFF5} = {4AC0DE7F-AD09-40CF-A9E8-F51270497FC3}
		{A9188E42-748F-4AEF-9B54-3D6AB929F9A2} = {4AC0DE7F-AD09-40CF-A9E8-F51270497FC3}
		{DAC24F38-C5CD-4461-9587-50EA0AE087CB} = {4AC0DE7F-AD09-40CF-A9E8-F51270497FC3}
		{7FD08D64-D1CF-4233-9C03-B7A6BC0C9866} = {09D73855-DA15-4D7F-B9A1-A46F8E845334}
		{81B7390C-C252-4168-8B34-1A8F93321A8B} = {09D73855-DA15-4D7F-B9A1-A46F8E845334}
		{8AF60F19-4CA2-423A-B26D-214C9FCB9CAB} = {09D73855-DA15-4D7F-B9A1-A46F8E845334}
		{86455585-4C09-4ABB-A568-CC8553B3D5FE} = {0BFBAEF0-86DD-464C-A67D-9CF17C4B807F}
		{45374DD8-2997-40AE-8E8A-AA9272A24EAE} = {0BFBAEF0-86DD-464C-A67D-9CF17C4B807F}
		{109BC068-E731-4245-ABF6-EE8A54A545A2} = {0BFBAEF0-86DD-464C-A67D-9CF17C4B807F}
	EndGlobalSection
	GlobalSection(ExtensibilityGlobals) = postSolution
		SolutionGuid = {2EE22ADE-2969-4522-94CD-52280664386A}
	EndGlobalSection
EndGlobal
